<?xml version="1.0" encoding="utf-8"?>
<Project ToolsVersion="4.0" xmlns="http://schemas.microsoft.com/developer/msbuild/2003">
  <ItemGroup>
    <ClCompile Include="AoeItem.cpp" />
    <ClCompile Include="Bomb.cpp" />
    <ClCompile Include="CustomMath.cpp" />
    <ClCompile Include="DropItem.cpp" />
    <ClCompile Include="Entity.cpp" />
    <ClCompile Include="Event.cpp" />
    <ClCompile Include="EventState.cpp" />
    <ClCompile Include="GameManager.cpp" />
    <ClCompile Include="GameState.cpp" />
    <ClCompile Include="GameUI.cpp" />
    <ClCompile Include="Grinder.cpp" />
    <ClCompile Include="Inventory.cpp" />
    <ClCompile Include="Item.cpp" />
    <ClCompile Include="main.cpp" />
    <ClCompile Include="Map.cpp" />
    <ClCompile Include="MeleeWeapon.cpp" />
    <ClCompile Include="Mob.cpp" />
    <ClCompile Include="NPC.cpp" />
    <ClCompile Include="NPCEvent.cpp" />
    <ClCompile Include="OptionSelectionEvent.cpp" />
    <ClCompile Include="Player.cpp" />
    <ClCompile Include="Random.cpp" />
    <ClCompile Include="Spear.cpp" />
    <ClCompile Include="Stage.cpp" />
    <ClCompile Include="State.cpp" />
    <ClCompile Include="Sword.cpp" />
    <ClCompile Include="Weapon.cpp" />
    <ClCompile Include="RangedWeapon.cpp" />
    <ClCompile Include="Pistol.cpp" />
    <ClCompile Include="Bullet.cpp" />
  </ItemGroup>
  <ItemGroup>
    <ClInclude Include="AoeItem.h" />
    <ClInclude Include="Bomb.h" />
    <ClInclude Include="CustomMath.h" />
    <ClInclude Include="DropItem.h" />
    <ClInclude Include="Entity.h" />
    <ClInclude Include="Event.h" />
    <ClInclude Include="EventState.h" />
    <ClInclude Include="GameManager.h" />
    <ClInclude Include="GameState.h" />
    <ClInclude Include="GameUI.h" />
    <ClInclude Include="Grinder.h" />
    <ClInclude Include="Inventory.h" />
    <ClInclude Include="Item.h" />
    <ClInclude Include="Map.h" />
    <ClInclude Include="MeleeWeapon.h" />
    <ClInclude Include="Mob.h" />
    <ClInclude Include="NPC.h" />
    <ClInclude Include="NPCEvent.h" />
    <ClInclude Include="OptionSelectionEvent.h" />
    <ClInclude Include="Player.h" />
    <ClInclude Include="Random.h" />
    <ClInclude Include="Spear.h" />
    <ClInclude Include="Stage.h" />
    <ClInclude Include="State.h" />
    <ClInclude Include="stdafx.h" />
    <ClInclude Include="Sword.h" />
    <ClInclude Include="Weapon.h" />
    <ClInclude Include="RangedWeapon.h" />
    <ClInclude Include="Pistol.h" />
    <ClInclude Include="Bullet.h" />
  </ItemGroup>
  <ItemGroup>
    <None Include="ClassDiagram.cd" />
  </ItemGroup>
</Project>