<?xml version="1.0" encoding="utf-8"?>
<Project ToolsVersion="4.0" xmlns="http://schemas.microsoft.com/developer/msbuild/2003">
  <ItemGroup>
    <Filter Include="소스 파일">
      <UniqueIdentifier>{4FC737F1-C7A5-4376-A066-2A32D752A2FF}</UniqueIdentifier>
      <Extensions>cpp;c;cc;cxx;c++;cppm;ixx;def;odl;idl;hpj;bat;asm;asmx</Extensions>
    </Filter>
    <Filter Include="헤더 파일">
      <UniqueIdentifier>{93995380-89BD-4b04-88EB-625FBE52EBFB}</UniqueIdentifier>
      <Extensions>h;hh;hpp;hxx;h++;hm;inl;inc;ipp;xsd</Extensions>
    </Filter>
    <Filter Include="리소스 파일">
      <UniqueIdentifier>{67DA6AB6-F800-4c08-8B7A-83BB121AAD01}</UniqueIdentifier>
      <Extensions>rc;ico;cur;bmp;dlg;rc2;rct;bin;rgs;gif;jpg;jpeg;jpe;resx;tiff;tif;png;wav;mfcribbon-ms</Extensions>
    </Filter>
    <Filter Include="States">
      <UniqueIdentifier>{22b79482-278a-4837-a17c-48a246b03acc}</UniqueIdentifier>
    </Filter>
    <Filter Include="Entities">
      <UniqueIdentifier>{84bbe910-c7aa-440e-8282-16c8bc362c6a}</UniqueIdentifier>
    </Filter>
    <Filter Include="Custom Static Classes">
      <UniqueIdentifier>{12906c95-16c3-43b1-886e-dbc8a4d04905}</UniqueIdentifier>
    </Filter>
    <Filter Include="Weapons">
      <UniqueIdentifier>{06416c36-ef10-4302-9b7d-8d71f874e27a}</UniqueIdentifier>
    </Filter>
    <Filter Include="Events">
      <UniqueIdentifier>{b867d8a7-05f5-4bd5-ac8d-b7f6a3985fcb}</UniqueIdentifier>
    </Filter>
  </ItemGroup>
  <ItemGroup>
    <ClCompile Include="main.cpp">
      <Filter>소스 파일</Filter>
    </ClCompile>
    <ClCompile Include="GameManager.cpp">
      <Filter>소스 파일</Filter>
    </ClCompile>
    <ClCompile Include="GameState.cpp">
      <Filter>States</Filter>
    </ClCompile>
    <ClCompile Include="State.cpp">
      <Filter>States</Filter>
    </ClCompile>
    <ClCompile Include="Entity.cpp">
      <Filter>Entities</Filter>
    </ClCompile>
    <ClCompile Include="Map.cpp">
      <Filter>소스 파일</Filter>
    </ClCompile>
    <ClCompile Include="Item.cpp">
      <Filter>소스 파일</Filter>
    </ClCompile>
    <ClCompile Include="Inventory.cpp">
      <Filter>소스 파일</Filter>
    </ClCompile>
    <ClCompile Include="Mob.cpp">
      <Filter>Entities</Filter>
    </ClCompile>
    <ClCompile Include="Player.cpp">
      <Filter>Entities</Filter>
    </ClCompile>
    <ClCompile Include="DropItem.cpp">
      <Filter>소스 파일</Filter>
    </ClCompile>
    <ClCompile Include="Random.cpp">
      <Filter>Custom Static Classes</Filter>
    </ClCompile>
    <ClCompile Include="CustomMath.cpp">
      <Filter>Custom Static Classes</Filter>
    </ClCompile>
    <ClCompile Include="NPC.cpp">
      <Filter>Entities</Filter>
    </ClCompile>
    <ClCompile Include="MeleeWeapon.cpp">
      <Filter>Weapons</Filter>
    </ClCompile>
    <ClCompile Include="Spear.cpp">
      <Filter>Weapons</Filter>
    </ClCompile>
    <ClCompile Include="Sword.cpp">
      <Filter>Weapons</Filter>
    </ClCompile>
    <ClCompile Include="Weapon.cpp">
      <Filter>Weapons</Filter>
    </ClCompile>
    <ClCompile Include="Grinder.cpp">
      <Filter>Weapons</Filter>
    </ClCompile>
    <ClCompile Include="EventState.cpp">
      <Filter>States</Filter>
    </ClCompile>
    <ClCompile Include="Stage.cpp">
      <Filter>소스 파일</Filter>
    </ClCompile>
    <ClCompile Include="NPCEvent.cpp">
      <Filter>Events</Filter>
    </ClCompile>
    <ClCompile Include="Event.cpp">
      <Filter>Events</Filter>
    </ClCompile>
    <ClCompile Include="OptionSelectionEvent.cpp">
      <Filter>Events</Filter>
    </ClCompile>
  </ItemGroup>
  <ItemGroup>
    <ClInclude Include="GameManager.h">
      <Filter>헤더 파일</Filter>
    </ClInclude>
    <ClInclude Include="stdafx.h">
      <Filter>헤더 파일</Filter>
    </ClInclude>
    <ClInclude Include="GameState.h">
      <Filter>States</Filter>
    </ClInclude>
    <ClInclude Include="State.h">
      <Filter>States</Filter>
    </ClInclude>
    <ClInclude Include="Entity.h">
      <Filter>Entities</Filter>
    </ClInclude>
    <ClInclude Include="Stage.h">
      <Filter>헤더 파일</Filter>
    </ClInclude>
    <ClInclude Include="Map.h">
      <Filter>헤더 파일</Filter>
    </ClInclude>
    <ClInclude Include="Item.h">
      <Filter>헤더 파일</Filter>
    </ClInclude>
    <ClInclude Include="Inventory.h">
      <Filter>헤더 파일</Filter>
    </ClInclude>
    <ClInclude Include="Mob.h">
      <Filter>Entities</Filter>
    </ClInclude>
    <ClInclude Include="Player.h">
      <Filter>Entities</Filter>
    </ClInclude>
    <ClInclude Include="DropItem.h">
      <Filter>헤더 파일</Filter>
    </ClInclude>
    <ClInclude Include="Random.h">
      <Filter>Custom Static Classes</Filter>
    </ClInclude>
    <ClInclude Include="CustomMath.h">
      <Filter>Custom Static Classes</Filter>
    </ClInclude>
    <ClInclude Include="NPC.h">
      <Filter>Entities</Filter>
    </ClInclude>
    <ClInclude Include="MeleeWeapon.h">
      <Filter>Weapons</Filter>
    </ClInclude>
    <ClInclude Include="Weapon.h">
      <Filter>Weapons</Filter>
    </ClInclude>
    <ClInclude Include="Sword.h">
      <Filter>Weapons</Filter>
    </ClInclude>
    <ClInclude Include="Spear.h">
      <Filter>Weapons</Filter>
    </ClInclude>
    <ClInclude Include="Grinder.h">
      <Filter>Weapons</Filter>
    </ClInclude>
    <ClInclude Include="EventState.h">
      <Filter>States</Filter>
    </ClInclude>
    <ClInclude Include="Event.h">
      <Filter>Events</Filter>
    </ClInclude>
    <ClInclude Include="NPCEvent.h">
      <Filter>Events</Filter>
    </ClInclude>
    <ClInclude Include="OptionSelectionEvent.h">
      <Filter>Events</Filter>
    </ClInclude>
  </ItemGroup>
  <ItemGroup>
    <None Include="ClassDiagram.cd" />
  </ItemGroup>
</Project>